
Microsoft Visual Studio Solution File, Format Version 12.00
# Visual Studio Version 17
VisualStudioVersion = 17.4.33122.133
MinimumVisualStudioVersion = 10.0.40219.1
Project("{FAE04EC0-301F-11D3-BF4B-00C04F79EFBC}") = "Crudsqlite.Android", "Crudsqlite.Android\Crudsqlite.Android.csproj", "{DFDCC71C-16C6-4589-9CBB-821CC9B4C573}"
EndProject
Project("{FAE04EC0-301F-11D3-BF4B-00C04F79EFBC}") = "Crudsqlite.iOS", "Crudsqlite.iOS\Crudsqlite.iOS.csproj", "{9BBB887F-FEF4-4B2C-9433-785031555C41}"
EndProject
Project("{FAE04EC0-301F-11D3-BF4B-00C04F79EFBC}") = "Crudsqlite", "Crudsqlite\Crudsqlite.csproj", "{27BC6E0A-8A25-4868-AEF3-328E876CFF18}"
EndProject
Global
	GlobalSection(SolutionConfigurationPlatforms) = preSolution
		Debug|Any CPU = Debug|Any CPU
		Debug|iPhone = Debug|iPhone
		Debug|iPhoneSimulator = Debug|iPhoneSimulator
		Release|Any CPU = Release|Any CPU
		Release|iPhone = Release|iPhone
		Release|iPhoneSimulator = Release|iPhoneSimulator
	EndGlobalSection
	GlobalSection(ProjectConfigurationPlatforms) = postSolution
		{DFDCC71C-16C6-4589-9CBB-821CC9B4C573}.Debug|Any CPU.ActiveCfg = Debug|Any CPU
		{DFDCC71C-16C6-4589-9CBB-821CC9B4C573}.Debug|Any CPU.Build.0 = Debug|Any CPU
		{DFDCC71C-16C6-4589-9CBB-821CC9B4C573}.Debug|Any CPU.Deploy.0 = Debug|Any CPU
		{DFDCC71C-16C6-4589-9CBB-821CC9B4C573}.Debug|iPhone.ActiveCfg = Debug|Any CPU
		{DFDCC71C-16C6-4589-9CBB-821CC9B4C573}.Debug|iPhone.Build.0 = Debug|Any CPU
		{DFDCC71C-16C6-4589-9CBB-821CC9B4C573}.Debug|iPhone.Deploy.0 = Debug|Any CPU
		{DFDCC71C-16C6-4589-9CBB-821CC9B4C573}.Debug|iPhoneSimulator.ActiveCfg = Debug|Any CPU
		{DFDCC71C-16C6-4589-9CBB-821CC9B4C573}.Debug|iPhoneSimulator.Build.0 = Debug|Any CPU
		{DFDCC71C-16C6-4589-9CBB-821CC9B4C573}.Debug|iPhoneSimulator.Deploy.0 = Debug|Any CPU
		{DFDCC71C-16C6-4589-9CBB-821CC9B4C573}.Release|Any CPU.ActiveCfg = Release|Any CPU
		{DFDCC71C-16C6-4589-9CBB-821CC9B4C573}.Release|Any CPU.Build.0 = Release|Any CPU
		{DFDCC71C-16C6-4589-9CBB-821CC9B4C573}.Release|Any CPU.Deploy.0 = Release|Any CPU
		{DFDCC71C-16C6-4589-9CBB-821CC9B4C573}.Release|iPhone.ActiveCfg = Release|Any CPU
		{DFDCC71C-16C6-4589-9CBB-821CC9B4C573}.Release|iPhone.Build.0 = Release|Any CPU
		{DFDCC71C-16C6-4589-9CBB-821CC9B4C573}.Release|iPhone.Deploy.0 = Release|Any CPU
		{DFDCC71C-16C6-4589-9CBB-821CC9B4C573}.Release|iPhoneSimulator.ActiveCfg = Release|Any CPU
		{DFDCC71C-16C6-4589-9CBB-821CC9B4C573}.Release|iPhoneSimulator.Build.0 = Release|Any CPU
		{DFDCC71C-16C6-4589-9CBB-821CC9B4C573}.Release|iPhoneSimulator.Deploy.0 = Release|Any CPU
		{9BBB887F-FEF4-4B2C-9433-785031555C41}.Debug|Any CPU.ActiveCfg = Debug|iPhone
		{9BBB887F-FEF4-4B2C-9433-785031555C41}.Debug|Any CPU.Build.0 = Debug|iPhone
		{9BBB887F-FEF4-4B2C-9433-785031555C41}.Debug|Any CPU.Deploy.0 = Debug|iPhone
		{9BBB887F-FEF4-4B2C-9433-785031555C41}.Debug|iPhone.ActiveCfg = Debug|iPhone
		{9BBB887F-FEF4-4B2C-9433-785031555C41}.Debug|iPhone.Build.0 = Debug|iPhone
		{9BBB887F-FEF4-4B2C-9433-785031555C41}.Debug|iPhone.Deploy.0 = Debug|iPhone
		{9BBB887F-FEF4-4B2C-9433-785031555C41}.Debug|iPhoneSimulator.ActiveCfg = Debug|iPhoneSimulator
		{9BBB887F-FEF4-4B2C-9433-785031555C41}.Debug|iPhoneSimulator.Build.0 = Debug|iPhoneSimulator
		{9BBB887F-FEF4-4B2C-9433-785031555C41}.Debug|iPhoneSimulator.Deploy.0 = Debug|iPhoneSimulator
		{9BBB887F-FEF4-4B2C-9433-785031555C41}.Release|Any CPU.ActiveCfg = Release|iPhoneSimulator
		{9BBB887F-FEF4-4B2C-9433-785031555C41}.Release|Any CPU.Build.0 = Release|iPhoneSimulator
		{9BBB887F-FEF4-4B2C-9433-785031555C41}.Release|Any CPU.Deploy.0 = Release|iPhoneSimulator
		{9BBB887F-FEF4-4B2C-9433-785031555C41}.Release|iPhone.ActiveCfg = Release|iPhone
		{9BBB887F-FEF4-4B2C-9433-785031555C41}.Release|iPhone.Build.0 = Release|iPhone
		{9BBB887F-FEF4-4B2C-9433-785031555C41}.Release|iPhone.Deploy.0 = Release|iPhone
		{9BBB887F-FEF4-4B2C-9433-785031555C41}.Release|iPhoneSimulator.ActiveCfg = Release|iPhoneSimulator
		{9BBB887F-FEF4-4B2C-9433-785031555C41}.Release|iPhoneSimulator.Build.0 = Release|iPhoneSimulator
		{9BBB887F-FEF4-4B2C-9433-785031555C41}.Release|iPhoneSimulator.Deploy.0 = Release|iPhoneSimulator
		{27BC6E0A-8A25-4868-AEF3-328E876CFF18}.Debug|Any CPU.ActiveCfg = Debug|Any CPU
		{27BC6E0A-8A25-4868-AEF3-328E876CFF18}.Debug|Any CPU.Build.0 = Debug|Any CPU
		{27BC6E0A-8A25-4868-AEF3-328E876CFF18}.Debug|Any CPU.Deploy.0 = Debug|Any CPU
		{27BC6E0A-8A25-4868-AEF3-328E876CFF18}.Debug|iPhone.ActiveCfg = Debug|Any CPU
		{27BC6E0A-8A25-4868-AEF3-328E876CFF18}.Debug|iPhone.Build.0 = Debug|Any CPU
		{27BC6E0A-8A25-4868-AEF3-328E876CFF18}.Debug|iPhone.Deploy.0 = Debug|Any CPU
		{27BC6E0A-8A25-4868-AEF3-328E876CFF18}.Debug|iPhoneSimulator.ActiveCfg = Debug|Any CPU
		{27BC6E0A-8A25-4868-AEF3-328E876CFF18}.Debug|iPhoneSimulator.Build.0 = Debug|Any CPU
		{27BC6E0A-8A25-4868-AEF3-328E876CFF18}.Debug|iPhoneSimulator.Deploy.0 = Debug|Any CPU
		{27BC6E0A-8A25-4868-AEF3-328E876CFF18}.Release|Any CPU.ActiveCfg = Release|Any CPU
		{27BC6E0A-8A25-4868-AEF3-328E876CFF18}.Release|Any CPU.Build.0 = Release|Any CPU
		{27BC6E0A-8A25-4868-AEF3-328E876CFF18}.Release|Any CPU.Deploy.0 = Release|Any CPU
		{27BC6E0A-8A25-4868-AEF3-328E876CFF18}.Release|iPhone.ActiveCfg = Release|Any CPU
		{27BC6E0A-8A25-4868-AEF3-328E876CFF18}.Release|iPhone.Build.0 = Release|Any CPU
		{27BC6E0A-8A25-4868-AEF3-328E876CFF18}.Release|iPhone.Deploy.0 = Release|Any CPU
		{27BC6E0A-8A25-4868-AEF3-328E876CFF18}.Release|iPhoneSimulator.ActiveCfg = Release|Any CPU
		{27BC6E0A-8A25-4868-AEF3-328E876CFF18}.Release|iPhoneSimulator.Build.0 = Release|Any CPU
		{27BC6E0A-8A25-4868-AEF3-328E876CFF18}.Release|iPhoneSimulator.Deploy.0 = Release|Any CPU
	EndGlobalSection
	GlobalSection(SolutionProperties) = preSolution
		HideSolutionNode = FALSE
	EndGlobalSection
	GlobalSection(ExtensibilityGlobals) = postSolution
		SolutionGuid = {35A492B5-BA00-4B5C-9ECC-C9CFE52F046D}
	EndGlobalSection
EndGlobal
